// !$*UTF8*$!
{
	archiveVersion = 1;
	classes = {
	};
	objectVersion = 50;
	objects = {

/* Begin PBXBuildFile section */
		1138EA8F2436555900F9D949 /* Icon+PreviewHelpers.swift in Sources */ = {isa = PBXBuildFile; fileRef = 1138EA8B2436555900F9D949 /* Icon+PreviewHelpers.swift */; };
		1138EA902436555900F9D949 /* Icon.swift in Sources */ = {isa = PBXBuildFile; fileRef = 1138EA8C2436555900F9D949 /* Icon.swift */; };
		11DC1FFB2345959E00848840 /* AppDelegate.swift in Sources */ = {isa = PBXBuildFile; fileRef = 11DC1FFA2345959E00848840 /* AppDelegate.swift */; };
		11DC1FFD2345959E00848840 /* SceneDelegate.swift in Sources */ = {isa = PBXBuildFile; fileRef = 11DC1FFC2345959E00848840 /* SceneDelegate.swift */; };
		11DC1FFF2345959E00848840 /* ContentView.swift in Sources */ = {isa = PBXBuildFile; fileRef = 11DC1FFE2345959E00848840 /* ContentView.swift */; };
		11DC20012345959F00848840 /* Assets.xcassets in Resources */ = {isa = PBXBuildFile; fileRef = 11DC20002345959F00848840 /* Assets.xcassets */; };
		11DC20042345959F00848840 /* Preview Assets.xcassets in Resources */ = {isa = PBXBuildFile; fileRef = 11DC20032345959F00848840 /* Preview Assets.xcassets */; };
		11DC20072345959F00848840 /* LaunchScreen.storyboard in Resources */ = {isa = PBXBuildFile; fileRef = 11DC20052345959F00848840 /* LaunchScreen.storyboard */; };
/* End PBXBuildFile section */

/* Begin PBXFileReference section */
		1138EA8B2436555900F9D949 /* Icon+PreviewHelpers.swift */ = {isa = PBXFileReference; fileEncoding = 4; lastKnownFileType = sourcecode.swift; path = "Icon+PreviewHelpers.swift"; sourceTree = "<group>"; };
		1138EA8C2436555900F9D949 /* Icon.swift */ = {isa = PBXFileReference; fileEncoding = 4; lastKnownFileType = sourcecode.swift; path = Icon.swift; sourceTree = "<group>"; };
		1138EA8D2436555900F9D949 /* IconGenerator.swift */ = {isa = PBXFileReference; fileEncoding = 4; lastKnownFileType = sourcecode.swift; path = IconGenerator.swift; sourceTree = "<group>"; };
		1138EA8E2436555900F9D949 /* generate.swift */ = {isa = PBXFileReference; fileEncoding = 4; lastKnownFileType = sourcecode.swift; path = generate.swift; sourceTree = "<group>"; };
		11DC1FF72345959E00848840 /* IconHarness.app */ = {isa = PBXFileReference; explicitFileType = wrapper.application; includeInIndex = 0; path = IconHarness.app; sourceTree = BUILT_PRODUCTS_DIR; };
		11DC1FFA2345959E00848840 /* AppDelegate.swift */ = {isa = PBXFileReference; lastKnownFileType = sourcecode.swift; path = AppDelegate.swift; sourceTree = "<group>"; };
		11DC1FFC2345959E00848840 /* SceneDelegate.swift */ = {isa = PBXFileReference; lastKnownFileType = sourcecode.swift; path = SceneDelegate.swift; sourceTree = "<group>"; };
		11DC1FFE2345959E00848840 /* ContentView.swift */ = {isa = PBXFileReference; lastKnownFileType = sourcecode.swift; path = ContentView.swift; sourceTree = "<group>"; };
		11DC20002345959F00848840 /* Assets.xcassets */ = {isa = PBXFileReference; lastKnownFileType = folder.assetcatalog; path = Assets.xcassets; sourceTree = "<group>"; };
		11DC20032345959F00848840 /* Preview Assets.xcassets */ = {isa = PBXFileReference; lastKnownFileType = folder.assetcatalog; path = "Preview Assets.xcassets"; sourceTree = "<group>"; };
		11DC20062345959F00848840 /* Base */ = {isa = PBXFileReference; lastKnownFileType = file.storyboard; name = Base; path = Base.lproj/LaunchScreen.storyboard; sourceTree = "<group>"; };
		11DC20082345959F00848840 /* Info.plist */ = {isa = PBXFileReference; lastKnownFileType = text.plist.xml; path = Info.plist; sourceTree = "<group>"; };
		77079A0B26448A650094512F /* IconHarness.entitlements */ = {isa = PBXFileReference; lastKnownFileType = text.plist.entitlements; path = IconHarness.entitlements; sourceTree = "<group>"; };
/* End PBXFileReference section */

/* Begin PBXFrameworksBuildPhase section */
		11DC1FF42345959E00848840 /* Frameworks */ = {
			isa = PBXFrameworksBuildPhase;
			buildActionMask = 2147483647;
			files = (
			);
			runOnlyForDeploymentPostprocessing = 0;
		};
/* End PBXFrameworksBuildPhase section */

/* Begin PBXGroup section */
		1138EA8A2436555900F9D949 /* Icon */ = {
			isa = PBXGroup;
			children = (
				1138EA8C2436555900F9D949 /* Icon.swift */,
				1138EA8B2436555900F9D949 /* Icon+PreviewHelpers.swift */,
				1138EA8D2436555900F9D949 /* IconGenerator.swift */,
				1138EA8E2436555900F9D949 /* generate.swift */,
			);
			name = Icon;
			path = ../../Icon;
			sourceTree = "<group>";
		};
		11DC1FEE2345959E00848840 = {
			isa = PBXGroup;
			children = (
				11DC1FF92345959E00848840 /* IconHarness */,
				11DC1FF82345959E00848840 /* Products */,
			);
			sourceTree = "<group>";
		};
		11DC1FF82345959E00848840 /* Products */ = {
			isa = PBXGroup;
			children = (
				11DC1FF72345959E00848840 /* IconHarness.app */,
			);
			name = Products;
			sourceTree = "<group>";
		};
		11DC1FF92345959E00848840 /* IconHarness */ = {
			isa = PBXGroup;
			children = (
				77079A0B26448A650094512F /* IconHarness.entitlements */,
				11DC1FFA2345959E00848840 /* AppDelegate.swift */,
				11DC1FFC2345959E00848840 /* SceneDelegate.swift */,
				11DC1FFE2345959E00848840 /* ContentView.swift */,
				1138EA8A2436555900F9D949 /* Icon */,
				11DC20002345959F00848840 /* Assets.xcassets */,
				11DC20052345959F00848840 /* LaunchScreen.storyboard */,
				11DC20082345959F00848840 /* Info.plist */,
				11DC20022345959F00848840 /* Preview Content */,
			);
			path = IconHarness;
			sourceTree = "<group>";
		};
		11DC20022345959F00848840 /* Preview Content */ = {
			isa = PBXGroup;
			children = (
				11DC20032345959F00848840 /* Preview Assets.xcassets */,
			);
			path = "Preview Content";
			sourceTree = "<group>";
		};
/* End PBXGroup section */

/* Begin PBXNativeTarget section */
		11DC1FF62345959E00848840 /* IconHarness */ = {
			isa = PBXNativeTarget;
			buildConfigurationList = 11DC200B2345959F00848840 /* Build configuration list for PBXNativeTarget "IconHarness" */;
			buildPhases = (
				11DC1FF32345959E00848840 /* Sources */,
				11DC1FF42345959E00848840 /* Frameworks */,
				11DC201D23459AF100848840 /* Generate Icon */,
				11DC1FF52345959E00848840 /* Resources */,
			);
			buildRules = (
			);
			dependencies = (
			);
			name = IconHarness;
			productName = IconHarness;
			productReference = 11DC1FF72345959E00848840 /* IconHarness.app */;
			productType = "com.apple.product-type.application";
		};
/* End PBXNativeTarget section */

/* Begin PBXProject section */
		11DC1FEF2345959E00848840 /* Project object */ = {
			isa = PBXProject;
			attributes = {
				LastSwiftUpdateCheck = 1110;
				LastUpgradeCheck = 1250;
				ORGANIZATIONNAME = "Velos Mobile LLC";
				TargetAttributes = {
					11DC1FF62345959E00848840 = {
						CreatedOnToolsVersion = 11.1;
					};
				};
			};
			buildConfigurationList = 11DC1FF22345959E00848840 /* Build configuration list for PBXProject "IconHarness" */;
			compatibilityVersion = "Xcode 9.3";
			developmentRegion = en;
			hasScannedForEncodings = 0;
			knownRegions = (
				en,
				Base,
			);
			mainGroup = 11DC1FEE2345959E00848840;
			productRefGroup = 11DC1FF82345959E00848840 /* Products */;
			projectDirPath = "";
			projectRoot = "";
			targets = (
				11DC1FF62345959E00848840 /* IconHarness */,
			);
		};
/* End PBXProject section */

/* Begin PBXResourcesBuildPhase section */
		11DC1FF52345959E00848840 /* Resources */ = {
			isa = PBXResourcesBuildPhase;
			buildActionMask = 2147483647;
			files = (
				11DC20072345959F00848840 /* LaunchScreen.storyboard in Resources */,
				11DC20042345959F00848840 /* Preview Assets.xcassets in Resources */,
				11DC20012345959F00848840 /* Assets.xcassets in Resources */,
			);
			runOnlyForDeploymentPostprocessing = 0;
		};
/* End PBXResourcesBuildPhase section */

/* Begin PBXShellScriptBuildPhase section */
		11DC201D23459AF100848840 /* Generate Icon */ = {
			isa = PBXShellScriptBuildPhase;
			buildActionMask = 12;
			files = (
			);
			inputFileListPaths = (
			);
			inputPaths = (
				"$(PROJECT_DIR)/../Icon/Icon.swift",
			);
			name = "Generate Icon";
			outputFileListPaths = (
			);
			outputPaths = (
			);
			runOnlyForDeploymentPostprocessing = 0;
			shellPath = /bin/sh;
			shellScript = "[[ \"$ENABLE_PREVIEWS\" = \"NO\" ]] || exit 0\n[[ \"$MAC_OS_X_VERSION_MAJOR\" -ge \"101500\" ]] || exit 0\n\nTMPFILE=`mktemp /tmp/SwiftUIcon.swift.XXXXXX` || exit 1\ntrap \"rm -f $TMPFILE\" EXIT\n\nif [ -z \"$SCRIPT_INPUT_FILE_0\" ]\nthen\n    echo \"error: You must specify your Icon.swift as the first Input File in the Build Phase.\"\n    exit 1\nfi\n\ncat ${SCRIPT_INPUT_FILE_0%/*}/*.swift > $TMPFILE\n\nxcrun -sdk macosx swift $TMPFILE\n";
		};
/* End PBXShellScriptBuildPhase section */

/* Begin PBXSourcesBuildPhase section */
		11DC1FF32345959E00848840 /* Sources */ = {
			isa = PBXSourcesBuildPhase;
			buildActionMask = 2147483647;
			files = (
				11DC1FFB2345959E00848840 /* AppDelegate.swift in Sources */,
				1138EA8F2436555900F9D949 /* Icon+PreviewHelpers.swift in Sources */,
				11DC1FFD2345959E00848840 /* SceneDelegate.swift in Sources */,
				1138EA902436555900F9D949 /* Icon.swift in Sources */,
				11DC1FFF2345959E00848840 /* ContentView.swift in Sources */,
			);
			runOnlyForDeploymentPostprocessing = 0;
		};
/* End PBXSourcesBuildPhase section */

/* Begin PBXVariantGroup section */
		11DC20052345959F00848840 /* LaunchScreen.storyboard */ = {
			isa = PBXVariantGroup;
			children = (
				11DC20062345959F00848840 /* Base */,
			);
			name = LaunchScreen.storyboard;
			sourceTree = "<group>";
		};
/* End PBXVariantGroup section */

/* Begin XCBuildConfiguration section */
		11DC20092345959F00848840 /* Debug */ = {
			isa = XCBuildConfiguration;
			buildSettings = {
				ALWAYS_SEARCH_USER_PATHS = NO;
				CLANG_ANALYZER_NONNULL = YES;
				CLANG_ANALYZER_NUMBER_OBJECT_CONVERSION = YES_AGGRESSIVE;
				CLANG_CXX_LANGUAGE_STANDARD = "gnu++14";
				CLANG_CXX_LIBRARY = "libc++";
				CLANG_ENABLE_MODULES = YES;
				CLANG_ENABLE_OBJC_ARC = YES;
				CLANG_ENABLE_OBJC_WEAK = YES;
				CLANG_WARN_BLOCK_CAPTURE_AUTORELEASING = YES;
				CLANG_WARN_BOOL_CONVERSION = YES;
				CLANG_WARN_COMMA = YES;
				CLANG_WARN_CONSTANT_CONVERSION = YES;
				CLANG_WARN_DEPRECATED_OBJC_IMPLEMENTATIONS = YES;
				CLANG_WARN_DIRECT_OBJC_ISA_USAGE = YES_ERROR;
				CLANG_WARN_DOCUMENTATION_COMMENTS = YES;
				CLANG_WARN_EMPTY_BODY = YES;
				CLANG_WARN_ENUM_CONVERSION = YES;
				CLANG_WARN_INFINITE_RECURSION = YES;
				CLANG_WARN_INT_CONVERSION = YES;
				CLANG_WARN_NON_LITERAL_NULL_CONVERSION = YES;
				CLANG_WARN_OBJC_IMPLICIT_RETAIN_SELF = YES;
				CLANG_WARN_OBJC_LITERAL_CONVERSION = YES;
				CLANG_WARN_OBJC_ROOT_CLASS = YES_ERROR;
				CLANG_WARN_QUOTED_INCLUDE_IN_FRAMEWORK_HEADER = YES;
				CLANG_WARN_RANGE_LOOP_ANALYSIS = YES;
				CLANG_WARN_STRICT_PROTOTYPES = YES;
				CLANG_WARN_SUSPICIOUS_MOVE = YES;
				CLANG_WARN_UNGUARDED_AVAILABILITY = YES_AGGRESSIVE;
				CLANG_WARN_UNREACHABLE_CODE = YES;
				CLANG_WARN__DUPLICATE_METHOD_MATCH = YES;
				COPY_PHASE_STRIP = NO;
				DEBUG_INFORMATION_FORMAT = dwarf;
				ENABLE_STRICT_OBJC_MSGSEND = YES;
				ENABLE_TESTABILITY = YES;
				GCC_C_LANGUAGE_STANDARD = gnu11;
				GCC_DYNAMIC_NO_PIC = NO;
				GCC_NO_COMMON_BLOCKS = YES;
				GCC_OPTIMIZATION_LEVEL = 0;
				GCC_PREPROCESSOR_DEFINITIONS = (
					"DEBUG=1",
					"$(inherited)",
				);
				GCC_WARN_64_TO_32_BIT_CONVERSION = YES;
				GCC_WARN_ABOUT_RETURN_TYPE = YES_ERROR;
				GCC_WARN_UNDECLARED_SELECTOR = YES;
				GCC_WARN_UNINITIALIZED_AUTOS = YES_AGGRESSIVE;
				GCC_WARN_UNUSED_FUNCTION = YES;
				GCC_WARN_UNUSED_VARIABLE = YES;
				IPHONEOS_DEPLOYMENT_TARGET = 13.0;
				MTL_ENABLE_DEBUG_INFO = INCLUDE_SOURCE;
				MTL_FAST_MATH = YES;
				ONLY_ACTIVE_ARCH = YES;
				SDKROOT = iphoneos;
				SWIFT_ACTIVE_COMPILATION_CONDITIONS = DEBUG;
				SWIFT_OPTIMIZATION_LEVEL = "-Onone";
			};
			name = Debug;
		};
		11DC200A2345959F00848840 /* Release */ = {
			isa = XCBuildConfiguration;
			buildSettings = {
				ALWAYS_SEARCH_USER_PATHS = NO;
				CLANG_ANALYZER_NONNULL = YES;
				CLANG_ANALYZER_NUMBER_OBJECT_CONVERSION = YES_AGGRESSIVE;
				CLANG_CXX_LANGUAGE_STANDARD = "gnu++14";
				CLANG_CXX_LIBRARY = "libc++";
				CLANG_ENABLE_MODULES = YES;
				CLANG_ENABLE_OBJC_ARC = YES;
				CLANG_ENABLE_OBJC_WEAK = YES;
				CLANG_WARN_BLOCK_CAPTURE_AUTORELEASING = YES;
				CLANG_WARN_BOOL_CONVERSION = YES;
				CLANG_WARN_COMMA = YES;
				CLANG_WARN_CONSTANT_CONVERSION = YES;
				CLANG_WARN_DEPRECATED_OBJC_IMPLEMENTATIONS = YES;
				CLANG_WARN_DIRECT_OBJC_ISA_USAGE = YES_ERROR;
				CLANG_WARN_DOCUMENTATION_COMMENTS = YES;
				CLANG_WARN_EMPTY_BODY = YES;
				CLANG_WARN_ENUM_CONVERSION = YES;
				CLANG_WARN_INFINITE_RECURSION = YES;
				CLANG_WARN_INT_CONVERSION = YES;
				CLANG_WARN_NON_LITERAL_NULL_CONVERSION = YES;
				CLANG_WARN_OBJC_IMPLICIT_RETAIN_SELF = YES;
				CLANG_WARN_OBJC_LITERAL_CONVERSION = YES;
				CLANG_WARN_OBJC_ROOT_CLASS = YES_ERROR;
				CLANG_WARN_QUOTED_INCLUDE_IN_FRAMEWORK_HEADER = YES;
				CLANG_WARN_RANGE_LOOP_ANALYSIS = YES;
				CLANG_WARN_STRICT_PROTOTYPES = YES;
				CLANG_WARN_SUSPICIOUS_MOVE = YES;
				CLANG_WARN_UNGUARDED_AVAILABILITY = YES_AGGRESSIVE;
				CLANG_WARN_UNREACHABLE_CODE = YES;
				CLANG_WARN__DUPLICATE_METHOD_MATCH = YES;
				COPY_PHASE_STRIP = NO;
				DEBUG_INFORMATION_FORMAT = "dwarf-with-dsym";
				ENABLE_NS_ASSERTIONS = NO;
				ENABLE_STRICT_OBJC_MSGSEND = YES;
				GCC_C_LANGUAGE_STANDARD = gnu11;
				GCC_NO_COMMON_BLOCKS = YES;
				GCC_WARN_64_TO_32_BIT_CONVERSION = YES;
				GCC_WARN_ABOUT_RETURN_TYPE = YES_ERROR;
				GCC_WARN_UNDECLARED_SELECTOR = YES;
				GCC_WARN_UNINITIALIZED_AUTOS = YES_AGGRESSIVE;
				GCC_WARN_UNUSED_FUNCTION = YES;
				GCC_WARN_UNUSED_VARIABLE = YES;
				IPHONEOS_DEPLOYMENT_TARGET = 13.0;
				MTL_ENABLE_DEBUG_INFO = NO;
				MTL_FAST_MATH = YES;
				SDKROOT = iphoneos;
				SWIFT_COMPILATION_MODE = wholemodule;
				SWIFT_OPTIMIZATION_LEVEL = "-O";
				VALIDATE_PRODUCT = YES;
			};
			name = Release;
		};
		11DC200C2345959F00848840 /* Debug */ = {
			isa = XCBuildConfiguration;
			buildSettings = {
				ASSETCATALOG_COMPILER_APPICON_NAME = AppIcon;
				CODE_SIGN_ENTITLEMENTS = IconHarness/IconHarness.entitlements;
				CODE_SIGN_STYLE = Automatic;
				DEVELOPMENT_ASSET_PATHS = "\"IconHarness/Preview Content\"";
				DEVELOPMENT_TEAM = 32R66SNDGS;
				ENABLE_PREVIEWS = YES;
				INFOPLIST_FILE = IconHarness/Info.plist;
				LD_RUNPATH_SEARCH_PATHS = (
					"$(inherited)",
					"@executable_path/Frameworks",
				);
				PRODUCT_BUNDLE_IDENTIFIER = com.zacwhite.IconHarness;
				PRODUCT_NAME = "$(TARGET_NAME)";
				SUPPORTS_MACCATALYST = YES;
				SWIFT_VERSION = 5.0;
				TARGETED_DEVICE_FAMILY = "1,2";
			};
			name = Debug;
		};
		11DC200D2345959F00848840 /* Release */ = {
			isa = XCBuildConfiguration;
			buildSettings = {
				ASSETCATALOG_COMPILER_APPICON_NAME = AppIcon;
				CODE_SIGN_ENTITLEMENTS = IconHarness/IconHarness.entitlements;
				CODE_SIGN_STYLE = Automatic;
				DEVELOPMENT_ASSET_PATHS = "\"IconHarness/Preview Content\"";
				DEVELOPMENT_TEAM = 32R66SNDGS;
				ENABLE_PREVIEWS = YES;
				INFOPLIST_FILE = IconHarness/Info.plist;
				LD_RUNPATH_SEARCH_PATHS = (
					"$(inherited)",
					"@executable_path/Frameworks",
				);
				PRODUCT_BUNDLE_IDENTIFIER = com.zacwhite.IconHarness;
				PRODUCT_NAME = "$(TARGET_NAME)";
				SUPPORTS_MACCATALYST = YES;
				SWIFT_VERSION = 5.0;
				TARGETED_DEVICE_FAMILY = "1,2";
			};
			name = Release;
		};
/* End XCBuildConfiguration section */

/* Begin XCConfigurationList section */
		11DC1FF22345959E00848840 /* Build configuration list for PBXProject "IconHarness" */ = {
			isa = XCConfigurationList;
			buildConfigurations = (
				11DC20092345959F00848840 /* Debug */,
				11DC200A2345959F00848840 /* Release */,
			);
			defaultConfigurationIsVisible = 0;
			defaultConfigurationName = Release;
		};
		11DC200B2345959F00848840 /* Build configuration list for PBXNativeTarget "IconHarness" */ = {
			isa = XCConfigurationList;
			buildConfigurations = (
				11DC200C2345959F00848840 /* Debug */,
				11DC200D2345959F00848840 /* Release */,
			);
			defaultConfigurationIsVisible = 0;
			defaultConfigurationName = Release;
		};
/* End XCConfigurationList section */
	};
	rootObject = 11DC1FEF2345959E00848840 /* Project object */;
}
